
Microsoft Visual Studio Solution File, Format Version 12.00
# Visual Studio Version 17
VisualStudioVersion = 17.1.32210.238
MinimumVisualStudioVersion = 10.0.40219.1
Project("{FAE04EC0-301F-11D3-BF4B-00C04F79EFBC}") = "TaskProjectWithReact", "TaskProjectWithReact\TaskProjectWithReact.csproj", "{424BA5C4-5F37-49E1-9357-FA27E2443482}"
EndProject
Global
	GlobalSection(SolutionConfigurationPlatforms) = preSolution
		Debug|Any CPU = Debug|Any CPU
		Release|Any CPU = Release|Any CPU
	EndGlobalSection
	GlobalSection(ProjectConfigurationPlatforms) = postSolution
		{424BA5C4-5F37-49E1-9357-FA27E2443482}.Debug|Any CPU.ActiveCfg = Debug|Any CPU
		{424BA5C4-5F37-49E1-9357-FA27E2443482}.Debug|Any CPU.Build.0 = Debug|Any CPU
		{424BA5C4-5F37-49E1-9357-FA27E2443482}.Release|Any CPU.ActiveCfg = Release|Any CPU
		{424BA5C4-5F37-49E1-9357-FA27E2443482}.Release|Any CPU.Build.0 = Release|Any CPU
	EndGlobalSection
	GlobalSection(SolutionProperties) = preSolution
		HideSolutionNode = FALSE
	EndGlobalSection
	GlobalSection(ExtensibilityGlobals) = postSolution
		SolutionGuid = {680C22C7-7C65-45A1-BBF5-E10BDD0017D1}
	EndGlobalSection
EndGlobal
